
Microsoft Visual Studio Solution File, Format Version 12.00
# Visual Studio 15
VisualStudioVersion = 15.0.28307.902
MinimumVisualStudioVersion = 10.0.40219.1
Project("{FAE04EC0-301F-11D3-BF4B-00C04F79EFBC}") = "Solution.Domain", "Solution.Domain\Solution.Domain.csproj", "{D9B52C40-3368-4B86-BED7-8585D1743F71}"
EndProject
Project("{FAE04EC0-301F-11D3-BF4B-00C04F79EFBC}") = "Solution.Data", "Solution.Data\Solution.Data.csproj", "{BBBDFE21-0572-46E7-B139-E66409838EAF}"
EndProject
Project("{FAE04EC0-301F-11D3-BF4B-00C04F79EFBC}") = "Solution.Service", "Solution.Service\Solution.Service.csproj", "{C467604A-0C06-4312-8860-07FFF66BE1D7}"
EndProject
Project("{FAE04EC0-301F-11D3-BF4B-00C04F79EFBC}") = "Service.Pattern", "Service.Pattern\Service.Pattern.csproj", "{245E33A1-5D3B-43CE-91A3-B693E583F88D}"
EndProject
Project("{FAE04EC0-301F-11D3-BF4B-00C04F79EFBC}") = "Solution.Presentation", "Solution.Presentation\Solution.Presentation.csproj", "{D1BD243E-D211-402E-BCC5-8D558D0F0DC2}"
EndProject
Global
	GlobalSection(SolutionConfigurationPlatforms) = preSolution
		Debug|Any CPU = Debug|Any CPU
		Release|Any CPU = Release|Any CPU
	EndGlobalSection
	GlobalSection(ProjectConfigurationPlatforms) = postSolution
		{D9B52C40-3368-4B86-BED7-8585D1743F71}.Debug|Any CPU.ActiveCfg = Debug|Any CPU
		{D9B52C40-3368-4B86-BED7-8585D1743F71}.Debug|Any CPU.Build.0 = Debug|Any CPU
		{D9B52C40-3368-4B86-BED7-8585D1743F71}.Release|Any CPU.ActiveCfg = Release|Any CPU
		{D9B52C40-3368-4B86-BED7-8585D1743F71}.Release|Any CPU.Build.0 = Release|Any CPU
		{BBBDFE21-0572-46E7-B139-E66409838EAF}.Debug|Any CPU.ActiveCfg = Debug|Any CPU
		{BBBDFE21-0572-46E7-B139-E66409838EAF}.Debug|Any CPU.Build.0 = Debug|Any CPU
		{BBBDFE21-0572-46E7-B139-E66409838EAF}.Release|Any CPU.ActiveCfg = Release|Any CPU
		{BBBDFE21-0572-46E7-B139-E66409838EAF}.Release|Any CPU.Build.0 = Release|Any CPU
		{C467604A-0C06-4312-8860-07FFF66BE1D7}.Debug|Any CPU.ActiveCfg = Debug|Any CPU
		{C467604A-0C06-4312-8860-07FFF66BE1D7}.Debug|Any CPU.Build.0 = Debug|Any CPU
		{C467604A-0C06-4312-8860-07FFF66BE1D7}.Release|Any CPU.ActiveCfg = Release|Any CPU
		{C467604A-0C06-4312-8860-07FFF66BE1D7}.Release|Any CPU.Build.0 = Release|Any CPU
		{245E33A1-5D3B-43CE-91A3-B693E583F88D}.Debug|Any CPU.ActiveCfg = Debug|Any CPU
		{245E33A1-5D3B-43CE-91A3-B693E583F88D}.Debug|Any CPU.Build.0 = Debug|Any CPU
		{245E33A1-5D3B-43CE-91A3-B693E583F88D}.Release|Any CPU.ActiveCfg = Release|Any CPU
		{245E33A1-5D3B-43CE-91A3-B693E583F88D}.Release|Any CPU.Build.0 = Release|Any CPU
		{D1BD243E-D211-402E-BCC5-8D558D0F0DC2}.Debug|Any CPU.ActiveCfg = Debug|Any CPU
		{D1BD243E-D211-402E-BCC5-8D558D0F0DC2}.Debug|Any CPU.Build.0 = Debug|Any CPU
		{D1BD243E-D211-402E-BCC5-8D558D0F0DC2}.Release|Any CPU.ActiveCfg = Release|Any CPU
		{D1BD243E-D211-402E-BCC5-8D558D0F0DC2}.Release|Any CPU.Build.0 = Release|Any CPU
	EndGlobalSection
	GlobalSection(SolutionProperties) = preSolution
		HideSolutionNode = FALSE
	EndGlobalSection
	GlobalSection(ExtensibilityGlobals) = postSolution
		SolutionGuid = {FE8BC6CF-DFBF-496C-869D-72A46BC39140}
	EndGlobalSection
EndGlobal
